
Microsoft Visual Studio Solution File, Format Version 12.00
# Visual Studio 14
VisualStudioVersion = 14.0.25123.0
MinimumVisualStudioVersion = 10.0.40219.1
Project("{FAE04EC0-301F-11D3-BF4B-00C04F79EFBC}") = "HelloCSharp", "HelloCSharp\HelloCSharp.csproj", "{2C097E28-0D6D-4CBF-8C44-9B0EBCC30F5D}"
EndProject
Project("{FAE04EC0-301F-11D3-BF4B-00C04F79EFBC}") = "PrintMyName", "PrintMyName\PrintMyName.csproj", "{B1C1F080-700B-44B5-8090-61D4AAE3E17A}"
EndProject
Project("{FAE04EC0-301F-11D3-BF4B-00C04F79EFBC}") = "PrintNumbers", "PrintNumbers\PrintNumbers.csproj", "{C0F60235-0217-46F5-9D33-484D59435696}"
EndProject
Project("{FAE04EC0-301F-11D3-BF4B-00C04F79EFBC}") = "FirstAndLastName", "FirstAndLastName\FirstAndLastName.csproj", "{2E83A276-606E-4585-BA31-015EE1C37CFB}"
EndProject
Project("{FAE04EC0-301F-11D3-BF4B-00C04F79EFBC}") = "SquareRoot", "SquareRoot\SquareRoot.csproj", "{A35B6C21-8530-4C50-8F28-37FFCED3D7C5}"
EndProject
Project("{FAE04EC0-301F-11D3-BF4B-00C04F79EFBC}") = "PrintSequence", "PrintSequence\PrintSequence.csproj", "{078752D0-88B6-4D90-ABF0-0C9C14A0A77F}"
EndProject
Project("{FAE04EC0-301F-11D3-BF4B-00C04F79EFBC}") = "HorribleCode", "HorribleCode\HorribleCode.csproj", "{8DAEA005-2B75-4D3F-92EF-3FD8D30FD5A7}"
EndProject
Project("{FAE04EC0-301F-11D3-BF4B-00C04F79EFBC}") = "CurrentDateAndTime", "CurrentDateAndTime\CurrentDateAndTime.csproj", "{AB0FDC15-CFAC-4C47-A839-68A58842E13F}"
EndProject
Project("{FAE04EC0-301F-11D3-BF4B-00C04F79EFBC}") = "Age", "Age\Age.csproj", "{25E36C0C-439A-4BA7-86BE-9E79A2B26CF2}"
EndProject
Project("{FAE04EC0-301F-11D3-BF4B-00C04F79EFBC}") = "LongSequence", "LongSequence\LongSequence.csproj", "{F64749AD-6C8F-4FC9-83E3-E5AAF26BCC6A}"
EndProject
Global
	GlobalSection(SolutionConfigurationPlatforms) = preSolution
		Debug|Any CPU = Debug|Any CPU
		Release|Any CPU = Release|Any CPU
	EndGlobalSection
	GlobalSection(ProjectConfigurationPlatforms) = postSolution
		{2C097E28-0D6D-4CBF-8C44-9B0EBCC30F5D}.Debug|Any CPU.ActiveCfg = Debug|Any CPU
		{2C097E28-0D6D-4CBF-8C44-9B0EBCC30F5D}.Debug|Any CPU.Build.0 = Debug|Any CPU
		{2C097E28-0D6D-4CBF-8C44-9B0EBCC30F5D}.Release|Any CPU.ActiveCfg = Release|Any CPU
		{2C097E28-0D6D-4CBF-8C44-9B0EBCC30F5D}.Release|Any CPU.Build.0 = Release|Any CPU
		{B1C1F080-700B-44B5-8090-61D4AAE3E17A}.Debug|Any CPU.ActiveCfg = Debug|Any CPU
		{B1C1F080-700B-44B5-8090-61D4AAE3E17A}.Debug|Any CPU.Build.0 = Debug|Any CPU
		{B1C1F080-700B-44B5-8090-61D4AAE3E17A}.Release|Any CPU.ActiveCfg = Release|Any CPU
		{B1C1F080-700B-44B5-8090-61D4AAE3E17A}.Release|Any CPU.Build.0 = Release|Any CPU
		{C0F60235-0217-46F5-9D33-484D59435696}.Debug|Any CPU.ActiveCfg = Debug|Any CPU
		{C0F60235-0217-46F5-9D33-484D59435696}.Debug|Any CPU.Build.0 = Debug|Any CPU
		{C0F60235-0217-46F5-9D33-484D59435696}.Release|Any CPU.ActiveCfg = Release|Any CPU
		{C0F60235-0217-46F5-9D33-484D59435696}.Release|Any CPU.Build.0 = Release|Any CPU
		{2E83A276-606E-4585-BA31-015EE1C37CFB}.Debug|Any CPU.ActiveCfg = Debug|Any CPU
		{2E83A276-606E-4585-BA31-015EE1C37CFB}.Debug|Any CPU.Build.0 = Debug|Any CPU
		{2E83A276-606E-4585-BA31-015EE1C37CFB}.Release|Any CPU.ActiveCfg = Release|Any CPU
		{2E83A276-606E-4585-BA31-015EE1C37CFB}.Release|Any CPU.Build.0 = Release|Any CPU
		{A35B6C21-8530-4C50-8F28-37FFCED3D7C5}.Debug|Any CPU.ActiveCfg = Debug|Any CPU
		{A35B6C21-8530-4C50-8F28-37FFCED3D7C5}.Debug|Any CPU.Build.0 = Debug|Any CPU
		{A35B6C21-8530-4C50-8F28-37FFCED3D7C5}.Release|Any CPU.ActiveCfg = Release|Any CPU
		{A35B6C21-8530-4C50-8F28-37FFCED3D7C5}.Release|Any CPU.Build.0 = Release|Any CPU
		{078752D0-88B6-4D90-ABF0-0C9C14A0A77F}.Debug|Any CPU.ActiveCfg = Debug|Any CPU
		{078752D0-88B6-4D90-ABF0-0C9C14A0A77F}.Debug|Any CPU.Build.0 = Debug|Any CPU
		{078752D0-88B6-4D90-ABF0-0C9C14A0A77F}.Release|Any CPU.ActiveCfg = Release|Any CPU
		{078752D0-88B6-4D90-ABF0-0C9C14A0A77F}.Release|Any CPU.Build.0 = Release|Any CPU
		{8DAEA005-2B75-4D3F-92EF-3FD8D30FD5A7}.Debug|Any CPU.ActiveCfg = Debug|Any CPU
		{8DAEA005-2B75-4D3F-92EF-3FD8D30FD5A7}.Debug|Any CPU.Build.0 = Debug|Any CPU
		{8DAEA005-2B75-4D3F-92EF-3FD8D30FD5A7}.Release|Any CPU.ActiveCfg = Release|Any CPU
		{8DAEA005-2B75-4D3F-92EF-3FD8D30FD5A7}.Release|Any CPU.Build.0 = Release|Any CPU
		{AB0FDC15-CFAC-4C47-A839-68A58842E13F}.Debug|Any CPU.ActiveCfg = Debug|Any CPU
		{AB0FDC15-CFAC-4C47-A839-68A58842E13F}.Debug|Any CPU.Build.0 = Debug|Any CPU
		{AB0FDC15-CFAC-4C47-A839-68A58842E13F}.Release|Any CPU.ActiveCfg = Release|Any CPU
		{AB0FDC15-CFAC-4C47-A839-68A58842E13F}.Release|Any CPU.Build.0 = Release|Any CPU
		{25E36C0C-439A-4BA7-86BE-9E79A2B26CF2}.Debug|Any CPU.ActiveCfg = Debug|Any CPU
		{25E36C0C-439A-4BA7-86BE-9E79A2B26CF2}.Debug|Any CPU.Build.0 = Debug|Any CPU
		{25E36C0C-439A-4BA7-86BE-9E79A2B26CF2}.Release|Any CPU.ActiveCfg = Release|Any CPU
		{25E36C0C-439A-4BA7-86BE-9E79A2B26CF2}.Release|Any CPU.Build.0 = Release|Any CPU
		{F64749AD-6C8F-4FC9-83E3-E5AAF26BCC6A}.Debug|Any CPU.ActiveCfg = Debug|Any CPU
		{F64749AD-6C8F-4FC9-83E3-E5AAF26BCC6A}.Debug|Any CPU.Build.0 = Debug|Any CPU
		{F64749AD-6C8F-4FC9-83E3-E5AAF26BCC6A}.Release|Any CPU.ActiveCfg = Release|Any CPU
		{F64749AD-6C8F-4FC9-83E3-E5AAF26BCC6A}.Release|Any CPU.Build.0 = Release|Any CPU
	EndGlobalSection
	GlobalSection(SolutionProperties) = preSolution
		HideSolutionNode = FALSE
	EndGlobalSection
EndGlobal
